
Microsoft Visual Studio Solution File, Format Version 12.00
# Visual Studio Version 17
VisualStudioVersion = 17.4.33122.133
MinimumVisualStudioVersion = 10.0.40219.1
Project("{8BC9CEB8-8B4A-11D0-8D11-00A0C91BC942}") = "CMyArray", "CMyArray\CMyArray.vcxproj", "{D6131FB5-2217-40F9-99A9-7DFD8844520D}"
EndProject
Project("{8BC9CEB8-8B4A-11D0-8D11-00A0C91BC942}") = "CMyArray_tests", "CMyArray_tests\CMyArray_tests.vcxproj", "{EA520A61-9D28-440C-8658-03A0845E53F0}"
EndProject
Global
	GlobalSection(SolutionConfigurationPlatforms) = preSolution
		Debug|x64 = Debug|x64
		Debug|x86 = Debug|x86
		Release|x64 = Release|x64
		Release|x86 = Release|x86
	EndGlobalSection
	GlobalSection(ProjectConfigurationPlatforms) = postSolution
		{D6131FB5-2217-40F9-99A9-7DFD8844520D}.Debug|x64.ActiveCfg = Debug|x64
		{D6131FB5-2217-40F9-99A9-7DFD8844520D}.Debug|x64.Build.0 = Debug|x64
		{D6131FB5-2217-40F9-99A9-7DFD8844520D}.Debug|x86.ActiveCfg = Debug|Win32
		{D6131FB5-2217-40F9-99A9-7DFD8844520D}.Debug|x86.Build.0 = Debug|Win32
		{D6131FB5-2217-40F9-99A9-7DFD8844520D}.Release|x64.ActiveCfg = Release|x64
		{D6131FB5-2217-40F9-99A9-7DFD8844520D}.Release|x64.Build.0 = Release|x64
		{D6131FB5-2217-40F9-99A9-7DFD8844520D}.Release|x86.ActiveCfg = Release|Win32
		{D6131FB5-2217-40F9-99A9-7DFD8844520D}.Release|x86.Build.0 = Release|Win32
		{EA520A61-9D28-440C-8658-03A0845E53F0}.Debug|x64.ActiveCfg = Debug|x64
		{EA520A61-9D28-440C-8658-03A0845E53F0}.Debug|x64.Build.0 = Debug|x64
		{EA520A61-9D28-440C-8658-03A0845E53F0}.Debug|x86.ActiveCfg = Debug|Win32
		{EA520A61-9D28-440C-8658-03A0845E53F0}.Debug|x86.Build.0 = Debug|Win32
		{EA520A61-9D28-440C-8658-03A0845E53F0}.Release|x64.ActiveCfg = Release|x64
		{EA520A61-9D28-440C-8658-03A0845E53F0}.Release|x64.Build.0 = Release|x64
		{EA520A61-9D28-440C-8658-03A0845E53F0}.Release|x86.ActiveCfg = Release|Win32
		{EA520A61-9D28-440C-8658-03A0845E53F0}.Release|x86.Build.0 = Release|Win32
	EndGlobalSection
	GlobalSection(SolutionProperties) = preSolution
		HideSolutionNode = FALSE
	EndGlobalSection
	GlobalSection(ExtensibilityGlobals) = postSolution
		SolutionGuid = {F90FA68A-A7AB-4AED-B9F8-CD36CACE334B}
	EndGlobalSection
EndGlobal
